# THIS IS AN AUTOGENERATED FILE. DO NOT EDIT THIS FILE DIRECTLY.
# yarn lockfile v1


"@hono/node-server@1.11.0":
  version "1.11.0"
  resolved "https://registry.yarnpkg.com/@hono/node-server/-/node-server-1.11.0.tgz#18d73d0a79d1c0ca387d02866231b5e2d9eb7b5e"
  integrity sha512-TLIJq9TMtD1NEG1mVoqNUn1Ita0qSaB5XboZErjFBcO/GJYXwWY4dVdTi9G0lbxtu0x+hJXDItcLaFHb7rlFTw==

hono@4.2.7:
  version "4.2.7"
  resolved "https://registry.yarnpkg.com/hono/-/hono-4.2.7.tgz#439ae5b0fc3620f254988b228b0e0c4d91ffe367"
  integrity sha512-k1xHi86tJnRIVvqhFMBDGFKJ8r5O+bEsT4P59ZK59r0F300Xd910/r237inVfuT/VmE86RQQffX4OYNda6dLXw==
